// !$*UTF8*$!
{
	archiveVersion = 1;
	classes = {
	};
	objectVersion = 55;
	objects = {

/* Begin PBXBuildFile section */
		5E4DC794282BAB3A005F54DD /* CommunicateBetweenViewsApp.swift in Sources */ = {isa = PBXBuildFile; fileRef = 5E4DC793282BAB3A005F54DD /* CommunicateBetweenViewsApp.swift */; };
		5E4DC796282BAB3A005F54DD /* ContentView.swift in Sources */ = {isa = PBXBuildFile; fileRef = 5E4DC795282BAB3A005F54DD /* ContentView.swift */; };
		5E4DC798282BAB3D005F54DD /* Assets.xcassets in Resources */ = {isa = PBXBuildFile; fileRef = 5E4DC797282BAB3D005F54DD /* Assets.xcassets */; };
		5E4DC79B282BAB3D005F54DD /* Preview Assets.xcassets in Resources */ = {isa = PBXBuildFile; fileRef = 5E4DC79A282BAB3D005F54DD /* Preview Assets.xcassets */; };
		5E4DC7A2282BAB68005F54DD /* ActionButton.swift in Sources */ = {isa = PBXBuildFile; fileRef = 5E4DC7A1282BAB68005F54DD /* ActionButton.swift */; };
		5E4DC7AC282BBF35005F54DD /* CommunicateBetweenViewsUITestsLaunchTests.swift in Sources */ = {isa = PBXBuildFile; fileRef = 5E4DC7AB282BBF35005F54DD /* CommunicateBetweenViewsUITestsLaunchTests.swift */; };
/* End PBXBuildFile section */

/* Begin PBXContainerItemProxy section */
		5E4DC7AD282BBF35005F54DD /* PBXContainerItemProxy */ = {
			isa = PBXContainerItemProxy;
			containerPortal = 5E4DC788282BAB3A005F54DD /* Project object */;
			proxyType = 1;
			remoteGlobalIDString = 5E4DC78F282BAB3A005F54DD;
			remoteInfo = CommunicateBetweenViews;
		};
/* End PBXContainerItemProxy section */

/* Begin PBXFileReference section */
		5E4DC790282BAB3A005F54DD /* CommunicateBetweenViews.app */ = {isa = PBXFileReference; explicitFileType = wrapper.application; includeInIndex = 0; path = CommunicateBetweenViews.app; sourceTree = BUILT_PRODUCTS_DIR; };
		5E4DC793282BAB3A005F54DD /* CommunicateBetweenViewsApp.swift */ = {isa = PBXFileReference; lastKnownFileType = sourcecode.swift; path = CommunicateBetweenViewsApp.swift; sourceTree = "<group>"; };
		5E4DC795282BAB3A005F54DD /* ContentView.swift */ = {isa = PBXFileReference; lastKnownFileType = sourcecode.swift; path = ContentView.swift; sourceTree = "<group>"; };
		5E4DC797282BAB3D005F54DD /* Assets.xcassets */ = {isa = PBXFileReference; lastKnownFileType = folder.assetcatalog; path = Assets.xcassets; sourceTree = "<group>"; };
		5E4DC79A282BAB3D005F54DD /* Preview Assets.xcassets */ = {isa = PBXFileReference; lastKnownFileType = folder.assetcatalog; path = "Preview Assets.xcassets"; sourceTree = "<group>"; };
		5E4DC7A1282BAB68005F54DD /* ActionButton.swift */ = {isa = PBXFileReference; lastKnownFileType = sourcecode.swift; path = ActionButton.swift; sourceTree = "<group>"; };
		5E4DC7A7282BBF35005F54DD /* CommunicateBetweenViewsUITests.xctest */ = {isa = PBXFileReference; explicitFileType = wrapper.cfbundle; includeInIndex = 0; path = CommunicateBetweenViewsUITests.xctest; sourceTree = BUILT_PRODUCTS_DIR; };
		5E4DC7AB282BBF35005F54DD /* CommunicateBetweenViewsUITestsLaunchTests.swift */ = {isa = PBXFileReference; lastKnownFileType = sourcecode.swift; path = CommunicateBetweenViewsUITestsLaunchTests.swift; sourceTree = "<group>"; };
/* End PBXFileReference section */

/* Begin PBXFrameworksBuildPhase section */
		5E4DC78D282BAB3A005F54DD /* Frameworks */ = {
			isa = PBXFrameworksBuildPhase;
			buildActionMask = 2147483647;
			files = (
			);
			runOnlyForDeploymentPostprocessing = 0;
		};
		5E4DC7A4282BBF35005F54DD /* Frameworks */ = {
			isa = PBXFrameworksBuildPhase;
			buildActionMask = 2147483647;
			files = (
			);
			runOnlyForDeploymentPostprocessing = 0;
		};
/* End PBXFrameworksBuildPhase section */

/* Begin PBXGroup section */
		5E4DC787282BAB3A005F54DD = {
			isa = PBXGroup;
			children = (
				5E4DC792282BAB3A005F54DD /* CommunicateBetweenViews */,
				5E4DC7A8282BBF35005F54DD /* CommunicateBetweenViewsUITests */,
				5E4DC791282BAB3A005F54DD /* Products */,
			);
			sourceTree = "<group>";
		};
		5E4DC791282BAB3A005F54DD /* Products */ = {
			isa = PBXGroup;
			children = (
				5E4DC790282BAB3A005F54DD /* CommunicateBetweenViews.app */,
				5E4DC7A7282BBF35005F54DD /* CommunicateBetweenViewsUITests.xctest */,
			);
			name = Products;
			sourceTree = "<group>";
		};
		5E4DC792282BAB3A005F54DD /* CommunicateBetweenViews */ = {
			isa = PBXGroup;
			children = (
				5E4DC793282BAB3A005F54DD /* CommunicateBetweenViewsApp.swift */,
				5E4DC795282BAB3A005F54DD /* ContentView.swift */,
				5E4DC7A1282BAB68005F54DD /* ActionButton.swift */,
				5E4DC797282BAB3D005F54DD /* Assets.xcassets */,
				5E4DC799282BAB3D005F54DD /* Preview Content */,
			);
			path = CommunicateBetweenViews;
			sourceTree = "<group>";
		};
		5E4DC799282BAB3D005F54DD /* Preview Content */ = {
			isa = PBXGroup;
			children = (
				5E4DC79A282BAB3D005F54DD /* Preview Assets.xcassets */,
			);
			path = "Preview Content";
			sourceTree = "<group>";
		};
		5E4DC7A8282BBF35005F54DD /* CommunicateBetweenViewsUITests */ = {
			isa = PBXGroup;
			children = (
				5E4DC7AB282BBF35005F54DD /* CommunicateBetweenViewsUITestsLaunchTests.swift */,
			);
			path = CommunicateBetweenViewsUITests;
			sourceTree = "<group>";
		};
/* End PBXGroup section */

/* Begin PBXNativeTarget section */
		5E4DC78F282BAB3A005F54DD /* CommunicateBetweenViews */ = {
			isa = PBXNativeTarget;
			buildConfigurationList = 5E4DC79E282BAB3D005F54DD /* Build configuration list for PBXNativeTarget "CommunicateBetweenViews" */;
			buildPhases = (
				5E4DC78C282BAB3A005F54DD /* Sources */,
				5E4DC78D282BAB3A005F54DD /* Frameworks */,
				5E4DC78E282BAB3A005F54DD /* Resources */,
			);
			buildRules = (
			);
			dependencies = (
			);
			name = CommunicateBetweenViews;
			productName = CommunicateBetweenViews;
			productReference = 5E4DC790282BAB3A005F54DD /* CommunicateBetweenViews.app */;
			productType = "com.apple.product-type.application";
		};
		5E4DC7A6282BBF35005F54DD /* CommunicateBetweenViewsUITests */ = {
			isa = PBXNativeTarget;
			buildConfigurationList = 5E4DC7AF282BBF35005F54DD /* Build configuration list for PBXNativeTarget "CommunicateBetweenViewsUITests" */;
			buildPhases = (
				5E4DC7A3282BBF35005F54DD /* Sources */,
				5E4DC7A4282BBF35005F54DD /* Frameworks */,
				5E4DC7A5282BBF35005F54DD /* Resources */,
			);
			buildRules = (
			);
			dependencies = (
				5E4DC7AE282BBF35005F54DD /* PBXTargetDependency */,
			);
			name = CommunicateBetweenViewsUITests;
			productName = CommunicateBetweenViewsUITests;
			productReference = 5E4DC7A7282BBF35005F54DD /* CommunicateBetweenViewsUITests.xctest */;
			productType = "com.apple.product-type.bundle.ui-testing";
		};
/* End PBXNativeTarget section */

/* Begin PBXProject section */
		5E4DC788282BAB3A005F54DD /* Project object */ = {
			isa = PBXProject;
			attributes = {
				BuildIndependentTargetsInParallel = 1;
				LastSwiftUpdateCheck = 1330;
				LastUpgradeCheck = 1330;
				TargetAttributes = {
					5E4DC78F282BAB3A005F54DD = {
						CreatedOnToolsVersion = 13.3.1;
					};
					5E4DC7A6282BBF35005F54DD = {
						CreatedOnToolsVersion = 13.3.1;
						TestTargetID = 5E4DC78F282BAB3A005F54DD;
					};
				};
			};
			buildConfigurationList = 5E4DC78B282BAB3A005F54DD /* Build configuration list for PBXProject "CommunicateBetweenViews" */;
			compatibilityVersion = "Xcode 13.0";
			developmentRegion = en;
			hasScannedForEncodings = 0;
			knownRegions = (
				en,
				Base,
			);
			mainGroup = 5E4DC787282BAB3A005F54DD;
			productRefGroup = 5E4DC791282BAB3A005F54DD /* Products */;
			projectDirPath = "";
			projectRoot = "";
			targets = (
				5E4DC78F282BAB3A005F54DD /* CommunicateBetweenViews */,
				5E4DC7A6282BBF35005F54DD /* CommunicateBetweenViewsUITests */,
			);
		};
/* End PBXProject section */

/* Begin PBXResourcesBuildPhase section */
		5E4DC78E282BAB3A005F54DD /* Resources */ = {
			isa = PBXResourcesBuildPhase;
			buildActionMask = 2147483647;
			files = (
				5E4DC79B282BAB3D005F54DD /* Preview Assets.xcassets in Resources */,
				5E4DC798282BAB3D005F54DD /* Assets.xcassets in Resources */,
			);
			runOnlyForDeploymentPostprocessing = 0;
		};
		5E4DC7A5282BBF35005F54DD /* Resources */ = {
			isa = PBXResourcesBuildPhase;
			buildActionMask = 2147483647;
			files = (
			);
			runOnlyForDeploymentPostprocessing = 0;
		};
/* End PBXResourcesBuildPhase section */

/* Begin PBXSourcesBuildPhase section */
		5E4DC78C282BAB3A005F54DD /* Sources */ = {
			isa = PBXSourcesBuildPhase;
			buildActionMask = 2147483647;
			files = (
				5E4DC796282BAB3A005F54DD /* ContentView.swift in Sources */,
				5E4DC794282BAB3A005F54DD /* CommunicateBetweenViewsApp.swift in Sources */,
				5E4DC7A2282BAB68005F54DD /* ActionButton.swift in Sources */,
			);
			runOnlyForDeploymentPostprocessing = 0;
		};
		5E4DC7A3282BBF35005F54DD /* Sources */ = {
			isa = PBXSourcesBuildPhase;
			buildActionMask = 2147483647;
			files = (
				5E4DC7AC282BBF35005F54DD /* CommunicateBetweenViewsUITestsLaunchTests.swift in Sources */,
			);
			runOnlyForDeploymentPostprocessing = 0;
		};
/* End PBXSourcesBuildPhase section */

/* Begin PBXTargetDependency section */
		5E4DC7AE282BBF35005F54DD /* PBXTargetDependency */ = {
			isa = PBXTargetDependency;
			target = 5E4DC78F282BAB3A005F54DD /* CommunicateBetweenViews */;
			targetProxy = 5E4DC7AD282BBF35005F54DD /* PBXContainerItemProxy */;
		};
/* End PBXTargetDependency section */

/* Begin XCBuildConfiguration section */
		5E4DC79C282BAB3D005F54DD /* Debug */ = {
			isa = XCBuildConfiguration;
			buildSettings = {
				ALWAYS_SEARCH_USER_PATHS = NO;
				CLANG_ANALYZER_NONNULL = YES;
				CLANG_ANALYZER_NUMBER_OBJECT_CONVERSION = YES_AGGRESSIVE;
				CLANG_CXX_LANGUAGE_STANDARD = "gnu++17";
				CLANG_ENABLE_MODULES = YES;
				CLANG_ENABLE_OBJC_ARC = YES;
				CLANG_ENABLE_OBJC_WEAK = YES;
				CLANG_WARN_BLOCK_CAPTURE_AUTORELEASING = YES;
				CLANG_WARN_BOOL_CONVERSION = YES;
				CLANG_WARN_COMMA = YES;
				CLANG_WARN_CONSTANT_CONVERSION = YES;
				CLANG_WARN_DEPRECATED_OBJC_IMPLEMENTATIONS = YES;
				CLANG_WARN_DIRECT_OBJC_ISA_USAGE = YES_ERROR;
				CLANG_WARN_DOCUMENTATION_COMMENTS = YES;
				CLANG_WARN_EMPTY_BODY = YES;
				CLANG_WARN_ENUM_CONVERSION = YES;
				CLANG_WARN_INFINITE_RECURSION = YES;
				CLANG_WARN_INT_CONVERSION = YES;
				CLANG_WARN_NON_LITERAL_NULL_CONVERSION = YES;
				CLANG_WARN_OBJC_IMPLICIT_RETAIN_SELF = YES;
				CLANG_WARN_OBJC_LITERAL_CONVERSION = YES;
				CLANG_WARN_OBJC_ROOT_CLASS = YES_ERROR;
				CLANG_WARN_QUOTED_INCLUDE_IN_FRAMEWORK_HEADER = YES;
				CLANG_WARN_RANGE_LOOP_ANALYSIS = YES;
				CLANG_WARN_STRICT_PROTOTYPES = YES;
				CLANG_WARN_SUSPICIOUS_MOVE = YES;
				CLANG_WARN_UNGUARDED_AVAILABILITY = YES_AGGRESSIVE;
				CLANG_WARN_UNREACHABLE_CODE = YES;
				CLANG_WARN__DUPLICATE_METHOD_MATCH = YES;
				COPY_PHASE_STRIP = NO;
				DEBUG_INFORMATION_FORMAT = dwarf;
				ENABLE_STRICT_OBJC_MSGSEND = YES;
				ENABLE_TESTABILITY = YES;
				GCC_C_LANGUAGE_STANDARD = gnu11;
				GCC_DYNAMIC_NO_PIC = NO;
				GCC_NO_COMMON_BLOCKS = YES;
				GCC_OPTIMIZATION_LEVEL = 0;
				GCC_PREPROCESSOR_DEFINITIONS = (
					"DEBUG=1",
					"$(inherited)",
				);
				GCC_WARN_64_TO_32_BIT_CONVERSION = YES;
				GCC_WARN_ABOUT_RETURN_TYPE = YES_ERROR;
				GCC_WARN_UNDECLARED_SELECTOR = YES;
				GCC_WARN_UNINITIALIZED_AUTOS = YES_AGGRESSIVE;
				GCC_WARN_UNUSED_FUNCTION = YES;
				GCC_WARN_UNUSED_VARIABLE = YES;
				IPHONEOS_DEPLOYMENT_TARGET = 15.4;
				MTL_ENABLE_DEBUG_INFO = INCLUDE_SOURCE;
				MTL_FAST_MATH = YES;
				ONLY_ACTIVE_ARCH = YES;
				SDKROOT = iphoneos;
				SWIFT_ACTIVE_COMPILATION_CONDITIONS = DEBUG;
				SWIFT_OPTIMIZATION_LEVEL = "-Onone";
			};
			name = Debug;
		};
		5E4DC79D282BAB3D005F54DD /* Release */ = {
			isa = XCBuildConfiguration;
			buildSettings = {
				ALWAYS_SEARCH_USER_PATHS = NO;
				CLANG_ANALYZER_NONNULL = YES;
				CLANG_ANALYZER_NUMBER_OBJECT_CONVERSION = YES_AGGRESSIVE;
				CLANG_CXX_LANGUAGE_STANDARD = "gnu++17";
				CLANG_ENABLE_MODULES = YES;
				CLANG_ENABLE_OBJC_ARC = YES;
				CLANG_ENABLE_OBJC_WEAK = YES;
				CLANG_WARN_BLOCK_CAPTURE_AUTORELEASING = YES;
				CLANG_WARN_BOOL_CONVERSION = YES;
				CLANG_WARN_COMMA = YES;
				CLANG_WARN_CONSTANT_CONVERSION = YES;
				CLANG_WARN_DEPRECATED_OBJC_IMPLEMENTATIONS = YES;
				CLANG_WARN_DIRECT_OBJC_ISA_USAGE = YES_ERROR;
				CLANG_WARN_DOCUMENTATION_COMMENTS = YES;
				CLANG_WARN_EMPTY_BODY = YES;
				CLANG_WARN_ENUM_CONVERSION = YES;
				CLANG_WARN_INFINITE_RECURSION = YES;
				CLANG_WARN_INT_CONVERSION = YES;
				CLANG_WARN_NON_LITERAL_NULL_CONVERSION = YES;
				CLANG_WARN_OBJC_IMPLICIT_RETAIN_SELF = YES;
				CLANG_WARN_OBJC_LITERAL_CONVERSION = YES;
				CLANG_WARN_OBJC_ROOT_CLASS = YES_ERROR;
				CLANG_WARN_QUOTED_INCLUDE_IN_FRAMEWORK_HEADER = YES;
				CLANG_WARN_RANGE_LOOP_ANALYSIS = YES;
				CLANG_WARN_STRICT_PROTOTYPES = YES;
				CLANG_WARN_SUSPICIOUS_MOVE = YES;
				CLANG_WARN_UNGUARDED_AVAILABILITY = YES_AGGRESSIVE;
				CLANG_WARN_UNREACHABLE_CODE = YES;
				CLANG_WARN__DUPLICATE_METHOD_MATCH = YES;
				COPY_PHASE_STRIP = NO;
				DEBUG_INFORMATION_FORMAT = "dwarf-with-dsym";
				ENABLE_NS_ASSERTIONS = NO;
				ENABLE_STRICT_OBJC_MSGSEND = YES;
				GCC_C_LANGUAGE_STANDARD = gnu11;
				GCC_NO_COMMON_BLOCKS = YES;
				GCC_WARN_64_TO_32_BIT_CONVERSION = YES;
				GCC_WARN_ABOUT_RETURN_TYPE = YES_ERROR;
				GCC_WARN_UNDECLARED_SELECTOR = YES;
				GCC_WARN_UNINITIALIZED_AUTOS = YES_AGGRESSIVE;
				GCC_WARN_UNUSED_FUNCTION = YES;
				GCC_WARN_UNUSED_VARIABLE = YES;
				IPHONEOS_DEPLOYMENT_TARGET = 15.4;
				MTL_ENABLE_DEBUG_INFO = NO;
				MTL_FAST_MATH = YES;
				SDKROOT = iphoneos;
				SWIFT_COMPILATION_MODE = wholemodule;
				SWIFT_OPTIMIZATION_LEVEL = "-O";
				VALIDATE_PRODUCT = YES;
			};
			name = Release;
		};
		5E4DC79F282BAB3D005F54DD /* Debug */ = {
			isa = XCBuildConfiguration;
			buildSettings = {
				ASSETCATALOG_COMPILER_APPICON_NAME = AppIcon;
				ASSETCATALOG_COMPILER_GLOBAL_ACCENT_COLOR_NAME = AccentColor;
				CODE_SIGN_STYLE = Automatic;
				CURRENT_PROJECT_VERSION = 1;
				DEVELOPMENT_ASSET_PATHS = "\"CommunicateBetweenViews/Preview Content\"";
				ENABLE_PREVIEWS = YES;
				GENERATE_INFOPLIST_FILE = YES;
				INFOPLIST_KEY_UIApplicationSceneManifest_Generation = YES;
				INFOPLIST_KEY_UIApplicationSupportsIndirectInputEvents = YES;
				INFOPLIST_KEY_UILaunchScreen_Generation = YES;
				INFOPLIST_KEY_UISupportedInterfaceOrientations_iPad = "UIInterfaceOrientationPortrait UIInterfaceOrientationPortraitUpsideDown UIInterfaceOrientationLandscapeLeft UIInterfaceOrientationLandscapeRight";
				INFOPLIST_KEY_UISupportedInterfaceOrientations_iPhone = "UIInterfaceOrientationPortrait UIInterfaceOrientationLandscapeLeft UIInterfaceOrientationLandscapeRight";
				LD_RUNPATH_SEARCH_PATHS = (
					"$(inherited)",
					"@executable_path/Frameworks",
				);
				MARKETING_VERSION = 1.0;
				PRODUCT_BUNDLE_IDENTIFIER = com.ri.CommunicateBetweenViews;
				PRODUCT_NAME = "$(TARGET_NAME)";
				SWIFT_EMIT_LOC_STRINGS = YES;
				SWIFT_VERSION = 5.0;
				TARGETED_DEVICE_FAMILY = "1,2";
			};
			name = Debug;
		};
		5E4DC7A0282BAB3D005F54DD /* Release */ = {
			isa = XCBuildConfiguration;
			buildSettings = {
				ASSETCATALOG_COMPILER_APPICON_NAME = AppIcon;
				ASSETCATALOG_COMPILER_GLOBAL_ACCENT_COLOR_NAME = AccentColor;
				CODE_SIGN_STYLE = Automatic;
				CURRENT_PROJECT_VERSION = 1;
				DEVELOPMENT_ASSET_PATHS = "\"CommunicateBetweenViews/Preview Content\"";
				ENABLE_PREVIEWS = YES;
				GENERATE_INFOPLIST_FILE = YES;
				INFOPLIST_KEY_UIApplicationSceneManifest_Generation = YES;
				INFOPLIST_KEY_UIApplicationSupportsIndirectInputEvents = YES;
				INFOPLIST_KEY_UILaunchScreen_Generation = YES;
				INFOPLIST_KEY_UISupportedInterfaceOrientations_iPad = "UIInterfaceOrientationPortrait UIInterfaceOrientationPortraitUpsideDown UIInterfaceOrientationLandscapeLeft UIInterfaceOrientationLandscapeRight";
				INFOPLIST_KEY_UISupportedInterfaceOrientations_iPhone = "UIInterfaceOrientationPortrait UIInterfaceOrientationLandscapeLeft UIInterfaceOrientationLandscapeRight";
				LD_RUNPATH_SEARCH_PATHS = (
					"$(inherited)",
					"@executable_path/Frameworks",
				);
				MARKETING_VERSION = 1.0;
				PRODUCT_BUNDLE_IDENTIFIER = com.ri.CommunicateBetweenViews;
				PRODUCT_NAME = "$(TARGET_NAME)";
				SWIFT_EMIT_LOC_STRINGS = YES;
				SWIFT_VERSION = 5.0;
				TARGETED_DEVICE_FAMILY = "1,2";
			};
			name = Release;
		};
		5E4DC7B0282BBF35005F54DD /* Debug */ = {
			isa = XCBuildConfiguration;
			buildSettings = {
				CODE_SIGN_STYLE = Automatic;
				CURRENT_PROJECT_VERSION = 1;
				GENERATE_INFOPLIST_FILE = YES;
				MARKETING_VERSION = 1.0;
				PRODUCT_BUNDLE_IDENTIFIER = com.ri.CommunicateBetweenViewsUITests;
				PRODUCT_NAME = "$(TARGET_NAME)";
				SWIFT_EMIT_LOC_STRINGS = NO;
				SWIFT_VERSION = 5.0;
				TARGETED_DEVICE_FAMILY = "1,2";
				TEST_TARGET_NAME = CommunicateBetweenViews;
			};
			name = Debug;
		};
		5E4DC7B1282BBF35005F54DD /* Release */ = {
			isa = XCBuildConfiguration;
			buildSettings = {
				CODE_SIGN_STYLE = Automatic;
				CURRENT_PROJECT_VERSION = 1;
				GENERATE_INFOPLIST_FILE = YES;
				MARKETING_VERSION = 1.0;
				PRODUCT_BUNDLE_IDENTIFIER = com.ri.CommunicateBetweenViewsUITests;
				PRODUCT_NAME = "$(TARGET_NAME)";
				SWIFT_EMIT_LOC_STRINGS = NO;
				SWIFT_VERSION = 5.0;
				TARGETED_DEVICE_FAMILY = "1,2";
				TEST_TARGET_NAME = CommunicateBetweenViews;
			};
			name = Release;
		};
/* End XCBuildConfiguration section */

/* Begin XCConfigurationList section */
		5E4DC78B282BAB3A005F54DD /* Build configuration list for PBXProject "CommunicateBetweenViews" */ = {
			isa = XCConfigurationList;
			buildConfigurations = (
				5E4DC79C282BAB3D005F54DD /* Debug */,
				5E4DC79D282BAB3D005F54DD /* Release */,
			);
			defaultConfigurationIsVisible = 0;
			defaultConfigurationName = Release;
		};
		5E4DC79E282BAB3D005F54DD /* Build configuration list for PBXNativeTarget "CommunicateBetweenViews" */ = {
			isa = XCConfigurationList;
			buildConfigurations = (
				5E4DC79F282BAB3D005F54DD /* Debug */,
				5E4DC7A0282BAB3D005F54DD /* Release */,
			);
			defaultConfigurationIsVisible = 0;
			defaultConfigurationName = Release;
		};
		5E4DC7AF282BBF35005F54DD /* Build configuration list for PBXNativeTarget "CommunicateBetweenViewsUITests" */ = {
			isa = XCConfigurationList;
			buildConfigurations = (
				5E4DC7B0282BBF35005F54DD /* Debug */,
				5E4DC7B1282BBF35005F54DD /* Release */,
			);
			defaultConfigurationIsVisible = 0;
			defaultConfigurationName = Release;
		};
/* End XCConfigurationList section */
	};
	rootObject = 5E4DC788282BAB3A005F54DD /* Project object */;
}
